# lyric.lock — machine-generated

[workspace]
version = 1

[[package]]
name = "Lyric.Web"
version = ""
source = "path:/Users/nic/repos/cloud-agents/../lyric-lang/lyric-web"
sha512 = "8F2E14FBF441AE0E24FC06366A896BD17BFDAD9FD23FD53BDDBFDABEFDB4A90FA1F9F04924FC6105768EBCB14935D8F5B24BD34FC0D76C480BEC87AB6F9149A7"
path = "/Users/nic/repos/cloud-agents/../lyric-lang/lyric-web"

[[package]]
name = "Lyric.Docker"
version = ""
source = "path:/Users/nic/repos/cloud-agents/../lyric-lang/lyric-docker"
sha512 = "3E49ADC5BDC772982B7EC4D3F4CE215210C0C2A199CB188B8304C90C86370E089A59066C37558E1B7903B80794E292CDB75BA7B2A314C3AB71B08C2F57877756"
path = "/Users/nic/repos/cloud-agents/../lyric-lang/lyric-docker"

[[package]]
name = "Std.Logging"
version = ""
source = "path:/Users/nic/repos/cloud-agents/../lyric-lang/lyric-logging"
sha512 = "89EFD7EFC6BEA0348623E038AC25D52C7EF60C25BC2BBA6086E8D4964FFDE215DCD2765D7DD30B0DD0EF3A5C9E0277AD389C6D9E452DE08A8EFBCA0C98FFB345"
path = "/Users/nic/repos/cloud-agents/../lyric-lang/lyric-logging"
